// !$*UTF8*$!
{
	archiveVersion = 1;
	classes = {
	};
	objectVersion = 55;
	objects = {

/* Begin PBXBuildFile section */
		D4C60C0D277C51DC009157E9 /* AppDelegate.swift in Sources */ = {isa = PBXBuildFile; fileRef = D4C60C0C277C51DC009157E9 /* AppDelegate.swift */; };
		D4C60C0F277C51DC009157E9 /* SceneDelegate.swift in Sources */ = {isa = PBXBuildFile; fileRef = D4C60C0E277C51DC009157E9 /* SceneDelegate.swift */; };
		D4C60C11277C51DC009157E9 /* ViewController.swift in Sources */ = {isa = PBXBuildFile; fileRef = D4C60C10277C51DC009157E9 /* ViewController.swift */; };
		D4C60C14277C51DC009157E9 /* Main.storyboard in Resources */ = {isa = PBXBuildFile; fileRef = D4C60C12277C51DC009157E9 /* Main.storyboard */; };
		D4C60C16277C51E0009157E9 /* Assets.xcassets in Resources */ = {isa = PBXBuildFile; fileRef = D4C60C15277C51E0009157E9 /* Assets.xcassets */; };
		D4C60C19277C51E0009157E9 /* LaunchScreen.storyboard in Resources */ = {isa = PBXBuildFile; fileRef = D4C60C17277C51E0009157E9 /* LaunchScreen.storyboard */; };
		D4C60C25277C5A0F009157E9 /* UIFrameworkMigrationTestApp.swift in Sources */ = {isa = PBXBuildFile; fileRef = D4C60C24277C5A0F009157E9 /* UIFrameworkMigrationTestApp.swift */; };
		D4C60C27277C5A25009157E9 /* ContentView.swift in Sources */ = {isa = PBXBuildFile; fileRef = D4C60C26277C5A25009157E9 /* ContentView.swift */; };
/* End PBXBuildFile section */

/* Begin PBXFileReference section */
		D4C60C09277C51DC009157E9 /* UIFrameworkMigrationTest.app */ = {isa = PBXFileReference; explicitFileType = wrapper.application; includeInIndex = 0; path = UIFrameworkMigrationTest.app; sourceTree = BUILT_PRODUCTS_DIR; };
		D4C60C0C277C51DC009157E9 /* AppDelegate.swift */ = {isa = PBXFileReference; lastKnownFileType = sourcecode.swift; path = AppDelegate.swift; sourceTree = "<group>"; };
		D4C60C0E277C51DC009157E9 /* SceneDelegate.swift */ = {isa = PBXFileReference; lastKnownFileType = sourcecode.swift; path = SceneDelegate.swift; sourceTree = "<group>"; };
		D4C60C10277C51DC009157E9 /* ViewController.swift */ = {isa = PBXFileReference; lastKnownFileType = sourcecode.swift; path = ViewController.swift; sourceTree = "<group>"; };
		D4C60C13277C51DC009157E9 /* Base */ = {isa = PBXFileReference; lastKnownFileType = file.storyboard; name = Base; path = Base.lproj/Main.storyboard; sourceTree = "<group>"; };
		D4C60C15277C51E0009157E9 /* Assets.xcassets */ = {isa = PBXFileReference; lastKnownFileType = folder.assetcatalog; path = Assets.xcassets; sourceTree = "<group>"; };
		D4C60C18277C51E0009157E9 /* Base */ = {isa = PBXFileReference; lastKnownFileType = file.storyboard; name = Base; path = Base.lproj/LaunchScreen.storyboard; sourceTree = "<group>"; };
		D4C60C1A277C51E0009157E9 /* Info.plist */ = {isa = PBXFileReference; lastKnownFileType = text.plist.xml; path = Info.plist; sourceTree = "<group>"; };
		D4C60C24277C5A0F009157E9 /* UIFrameworkMigrationTestApp.swift */ = {isa = PBXFileReference; lastKnownFileType = sourcecode.swift; path = UIFrameworkMigrationTestApp.swift; sourceTree = "<group>"; };
		D4C60C26277C5A25009157E9 /* ContentView.swift */ = {isa = PBXFileReference; lastKnownFileType = sourcecode.swift; path = ContentView.swift; sourceTree = "<group>"; };
/* End PBXFileReference section */

/* Begin PBXFrameworksBuildPhase section */
		D4C60C06277C51DC009157E9 /* Frameworks */ = {
			isa = PBXFrameworksBuildPhase;
			buildActionMask = 2147483647;
			files = (
			);
			runOnlyForDeploymentPostprocessing = 0;
		};
/* End PBXFrameworksBuildPhase section */

/* Begin PBXGroup section */
		D4C60C00277C51DB009157E9 = {
			isa = PBXGroup;
			children = (
				D4C60C0B277C51DC009157E9 /* UIFrameworkMigrationTest */,
				D4C60C0A277C51DC009157E9 /* Products */,
			);
			sourceTree = "<group>";
		};
		D4C60C0A277C51DC009157E9 /* Products */ = {
			isa = PBXGroup;
			children = (
				D4C60C09277C51DC009157E9 /* UIFrameworkMigrationTest.app */,
			);
			name = Products;
			sourceTree = "<group>";
		};
		D4C60C0B277C51DC009157E9 /* UIFrameworkMigrationTest */ = {
			isa = PBXGroup;
			children = (
				D4C60C0C277C51DC009157E9 /* AppDelegate.swift */,
				D4C60C0E277C51DC009157E9 /* SceneDelegate.swift */,
				D4C60C10277C51DC009157E9 /* ViewController.swift */,
				D4C60C12277C51DC009157E9 /* Main.storyboard */,
				D4C60C15277C51E0009157E9 /* Assets.xcassets */,
				D4C60C17277C51E0009157E9 /* LaunchScreen.storyboard */,
				D4C60C1A277C51E0009157E9 /* Info.plist */,
				D4C60C24277C5A0F009157E9 /* UIFrameworkMigrationTestApp.swift */,
				D4C60C26277C5A25009157E9 /* ContentView.swift */,
			);
			path = UIFrameworkMigrationTest;
			sourceTree = "<group>";
		};
/* End PBXGroup section */

/* Begin PBXNativeTarget section */
		D4C60C08277C51DC009157E9 /* UIFrameworkMigrationTest */ = {
			isa = PBXNativeTarget;
			buildConfigurationList = D4C60C1D277C51E0009157E9 /* Build configuration list for PBXNativeTarget "UIFrameworkMigrationTest" */;
			buildPhases = (
				D4C60C05277C51DC009157E9 /* Sources */,
				D4C60C06277C51DC009157E9 /* Frameworks */,
				D4C60C07277C51DC009157E9 /* Resources */,
			);
			buildRules = (
			);
			dependencies = (
			);
			name = UIFrameworkMigrationTest;
			productName = UIFrameworkMigrationTest;
			productReference = D4C60C09277C51DC009157E9 /* UIFrameworkMigrationTest.app */;
			productType = "com.apple.product-type.application";
		};
/* End PBXNativeTarget section */

/* Begin PBXProject section */
		D4C60C01277C51DB009157E9 /* Project object */ = {
			isa = PBXProject;
			attributes = {
				BuildIndependentTargetsInParallel = 1;
				LastSwiftUpdateCheck = 1300;
				LastUpgradeCheck = 1300;
				TargetAttributes = {
					D4C60C08277C51DC009157E9 = {
						CreatedOnToolsVersion = 13.0;
					};
				};
			};
			buildConfigurationList = D4C60C04277C51DB009157E9 /* Build configuration list for PBXProject "UIFrameworkMigrationTest" */;
			compatibilityVersion = "Xcode 13.0";
			developmentRegion = en;
			hasScannedForEncodings = 0;
			knownRegions = (
				en,
				Base,
			);
			mainGroup = D4C60C00277C51DB009157E9;
			productRefGroup = D4C60C0A277C51DC009157E9 /* Products */;
			projectDirPath = "";
			projectRoot = "";
			targets = (
				D4C60C08277C51DC009157E9 /* UIFrameworkMigrationTest */,
			);
		};
/* End PBXProject section */

/* Begin PBXResourcesBuildPhase section */
		D4C60C07277C51DC009157E9 /* Resources */ = {
			isa = PBXResourcesBuildPhase;
			buildActionMask = 2147483647;
			files = (
				D4C60C19277C51E0009157E9 /* LaunchScreen.storyboard in Resources */,
				D4C60C16277C51E0009157E9 /* Assets.xcassets in Resources */,
				D4C60C14277C51DC009157E9 /* Main.storyboard in Resources */,
			);
			runOnlyForDeploymentPostprocessing = 0;
		};
/* End PBXResourcesBuildPhase section */

/* Begin PBXSourcesBuildPhase section */
		D4C60C05277C51DC009157E9 /* Sources */ = {
			isa = PBXSourcesBuildPhase;
			buildActionMask = 2147483647;
			files = (
				D4C60C11277C51DC009157E9 /* ViewController.swift in Sources */,
				D4C60C27277C5A25009157E9 /* ContentView.swift in Sources */,
				D4C60C25277C5A0F009157E9 /* UIFrameworkMigrationTestApp.swift in Sources */,
				D4C60C0D277C51DC009157E9 /* AppDelegate.swift in Sources */,
				D4C60C0F277C51DC009157E9 /* SceneDelegate.swift in Sources */,
			);
			runOnlyForDeploymentPostprocessing = 0;
		};
/* End PBXSourcesBuildPhase section */

/* Begin PBXVariantGroup section */
		D4C60C12277C51DC009157E9 /* Main.storyboard */ = {
			isa = PBXVariantGroup;
			children = (
				D4C60C13277C51DC009157E9 /* Base */,
			);
			name = Main.storyboard;
			sourceTree = "<group>";
		};
		D4C60C17277C51E0009157E9 /* LaunchScreen.storyboard */ = {
			isa = PBXVariantGroup;
			children = (
				D4C60C18277C51E0009157E9 /* Base */,
			);
			name = LaunchScreen.storyboard;
			sourceTree = "<group>";
		};
/* End PBXVariantGroup section */

/* Begin XCBuildConfiguration section */
		D4C60C1B277C51E0009157E9 /* Debug */ = {
			isa = XCBuildConfiguration;
			buildSettings = {
				ALWAYS_SEARCH_USER_PATHS = NO;
				CLANG_ANALYZER_NONNULL = YES;
				CLANG_ANALYZER_NUMBER_OBJECT_CONVERSION = YES_AGGRESSIVE;
				CLANG_CXX_LANGUAGE_STANDARD = "gnu++17";
				CLANG_CXX_LIBRARY = "libc++";
				CLANG_ENABLE_MODULES = YES;
				CLANG_ENABLE_OBJC_ARC = YES;
				CLANG_ENABLE_OBJC_WEAK = YES;
				CLANG_WARN_BLOCK_CAPTURE_AUTORELEASING = YES;
				CLANG_WARN_BOOL_CONVERSION = YES;
				CLANG_WARN_COMMA = YES;
				CLANG_WARN_CONSTANT_CONVERSION = YES;
				CLANG_WARN_DEPRECATED_OBJC_IMPLEMENTATIONS = YES;
				CLANG_WARN_DIRECT_OBJC_ISA_USAGE = YES_ERROR;
				CLANG_WARN_DOCUMENTATION_COMMENTS = YES;
				CLANG_WARN_EMPTY_BODY = YES;
				CLANG_WARN_ENUM_CONVERSION = YES;
				CLANG_WARN_INFINITE_RECURSION = YES;
				CLANG_WARN_INT_CONVERSION = YES;
				CLANG_WARN_NON_LITERAL_NULL_CONVERSION = YES;
				CLANG_WARN_OBJC_IMPLICIT_RETAIN_SELF = YES;
				CLANG_WARN_OBJC_LITERAL_CONVERSION = YES;
				CLANG_WARN_OBJC_ROOT_CLASS = YES_ERROR;
				CLANG_WARN_QUOTED_INCLUDE_IN_FRAMEWORK_HEADER = YES;
				CLANG_WARN_RANGE_LOOP_ANALYSIS = YES;
				CLANG_WARN_STRICT_PROTOTYPES = YES;
				CLANG_WARN_SUSPICIOUS_MOVE = YES;
				CLANG_WARN_UNGUARDED_AVAILABILITY = YES_AGGRESSIVE;
				CLANG_WARN_UNREACHABLE_CODE = YES;
				CLANG_WARN__DUPLICATE_METHOD_MATCH = YES;
				COPY_PHASE_STRIP = NO;
				DEBUG_INFORMATION_FORMAT = dwarf;
				ENABLE_STRICT_OBJC_MSGSEND = YES;
				ENABLE_TESTABILITY = YES;
				GCC_C_LANGUAGE_STANDARD = gnu11;
				GCC_DYNAMIC_NO_PIC = NO;
				GCC_NO_COMMON_BLOCKS = YES;
				GCC_OPTIMIZATION_LEVEL = 0;
				GCC_PREPROCESSOR_DEFINITIONS = (
					"DEBUG=1",
					"$(inherited)",
				);
				GCC_WARN_64_TO_32_BIT_CONVERSION = YES;
				GCC_WARN_ABOUT_RETURN_TYPE = YES_ERROR;
				GCC_WARN_UNDECLARED_SELECTOR = YES;
				GCC_WARN_UNINITIALIZED_AUTOS = YES_AGGRESSIVE;
				GCC_WARN_UNUSED_FUNCTION = YES;
				GCC_WARN_UNUSED_VARIABLE = YES;
				IPHONEOS_DEPLOYMENT_TARGET = 15.0;
				MTL_ENABLE_DEBUG_INFO = INCLUDE_SOURCE;
				MTL_FAST_MATH = YES;
				ONLY_ACTIVE_ARCH = YES;
				SDKROOT = iphoneos;
				SWIFT_ACTIVE_COMPILATION_CONDITIONS = DEBUG;
				SWIFT_OPTIMIZATION_LEVEL = "-Onone";
			};
			name = Debug;
		};
		D4C60C1C277C51E0009157E9 /* Release */ = {
			isa = XCBuildConfiguration;
			buildSettings = {
				ALWAYS_SEARCH_USER_PATHS = NO;
				CLANG_ANALYZER_NONNULL = YES;
				CLANG_ANALYZER_NUMBER_OBJECT_CONVERSION = YES_AGGRESSIVE;
				CLANG_CXX_LANGUAGE_STANDARD = "gnu++17";
				CLANG_CXX_LIBRARY = "libc++";
				CLANG_ENABLE_MODULES = YES;
				CLANG_ENABLE_OBJC_ARC = YES;
				CLANG_ENABLE_OBJC_WEAK = YES;
				CLANG_WARN_BLOCK_CAPTURE_AUTORELEASING = YES;
				CLANG_WARN_BOOL_CONVERSION = YES;
				CLANG_WARN_COMMA = YES;
				CLANG_WARN_CONSTANT_CONVERSION = YES;
				CLANG_WARN_DEPRECATED_OBJC_IMPLEMENTATIONS = YES;
				CLANG_WARN_DIRECT_OBJC_ISA_USAGE = YES_ERROR;
				CLANG_WARN_DOCUMENTATION_COMMENTS = YES;
				CLANG_WARN_EMPTY_BODY = YES;
				CLANG_WARN_ENUM_CONVERSION = YES;
				CLANG_WARN_INFINITE_RECURSION = YES;
				CLANG_WARN_INT_CONVERSION = YES;
				CLANG_WARN_NON_LITERAL_NULL_CONVERSION = YES;
				CLANG_WARN_OBJC_IMPLICIT_RETAIN_SELF = YES;
				CLANG_WARN_OBJC_LITERAL_CONVERSION = YES;
				CLANG_WARN_OBJC_ROOT_CLASS = YES_ERROR;
				CLANG_WARN_QUOTED_INCLUDE_IN_FRAMEWORK_HEADER = YES;
				CLANG_WARN_RANGE_LOOP_ANALYSIS = YES;
				CLANG_WARN_STRICT_PROTOTYPES = YES;
				CLANG_WARN_SUSPICIOUS_MOVE = YES;
				CLANG_WARN_UNGUARDED_AVAILABILITY = YES_AGGRESSIVE;
				CLANG_WARN_UNREACHABLE_CODE = YES;
				CLANG_WARN__DUPLICATE_METHOD_MATCH = YES;
				COPY_PHASE_STRIP = NO;
				DEBUG_INFORMATION_FORMAT = "dwarf-with-dsym";
				ENABLE_NS_ASSERTIONS = NO;
				ENABLE_STRICT_OBJC_MSGSEND = YES;
				GCC_C_LANGUAGE_STANDARD = gnu11;
				GCC_NO_COMMON_BLOCKS = YES;
				GCC_WARN_64_TO_32_BIT_CONVERSION = YES;
				GCC_WARN_ABOUT_RETURN_TYPE = YES_ERROR;
				GCC_WARN_UNDECLARED_SELECTOR = YES;
				GCC_WARN_UNINITIALIZED_AUTOS = YES_AGGRESSIVE;
				GCC_WARN_UNUSED_FUNCTION = YES;
				GCC_WARN_UNUSED_VARIABLE = YES;
				IPHONEOS_DEPLOYMENT_TARGET = 15.0;
				MTL_ENABLE_DEBUG_INFO = NO;
				MTL_FAST_MATH = YES;
				SDKROOT = iphoneos;
				SWIFT_COMPILATION_MODE = wholemodule;
				SWIFT_OPTIMIZATION_LEVEL = "-O";
				VALIDATE_PRODUCT = YES;
			};
			name = Release;
		};
		D4C60C1E277C51E0009157E9 /* Debug */ = {
			isa = XCBuildConfiguration;
			buildSettings = {
				ASSETCATALOG_COMPILER_APPICON_NAME = AppIcon;
				ASSETCATALOG_COMPILER_GLOBAL_ACCENT_COLOR_NAME = AccentColor;
				CODE_SIGN_STYLE = Automatic;
				CURRENT_PROJECT_VERSION = 1;
				DEVELOPMENT_TEAM = 95L82PNXV3;
				GENERATE_INFOPLIST_FILE = YES;
				INFOPLIST_FILE = UIFrameworkMigrationTest/Info.plist;
				INFOPLIST_KEY_UIApplicationSupportsIndirectInputEvents = YES;
				INFOPLIST_KEY_UISupportedInterfaceOrientations_iPad = "UIInterfaceOrientationPortrait UIInterfaceOrientationPortraitUpsideDown UIInterfaceOrientationLandscapeLeft UIInterfaceOrientationLandscapeRight";
				INFOPLIST_KEY_UISupportedInterfaceOrientations_iPhone = "UIInterfaceOrientationPortrait UIInterfaceOrientationLandscapeLeft UIInterfaceOrientationLandscapeRight";
				LD_RUNPATH_SEARCH_PATHS = (
					"$(inherited)",
					"@executable_path/Frameworks",
				);
				MARKETING_VERSION = 1.0;
				PRODUCT_BUNDLE_IDENTIFIER = jp.kamimi01.UIFrameworkMigrationTest;
				PRODUCT_NAME = "$(TARGET_NAME)";
				SWIFT_EMIT_LOC_STRINGS = YES;
				SWIFT_VERSION = 5.0;
				TARGETED_DEVICE_FAMILY = "1,2";
			};
			name = Debug;
		};
		D4C60C1F277C51E0009157E9 /* Release */ = {
			isa = XCBuildConfiguration;
			buildSettings = {
				ASSETCATALOG_COMPILER_APPICON_NAME = AppIcon;
				ASSETCATALOG_COMPILER_GLOBAL_ACCENT_COLOR_NAME = AccentColor;
				CODE_SIGN_STYLE = Automatic;
				CURRENT_PROJECT_VERSION = 1;
				DEVELOPMENT_TEAM = 95L82PNXV3;
				GENERATE_INFOPLIST_FILE = YES;
				INFOPLIST_FILE = UIFrameworkMigrationTest/Info.plist;
				INFOPLIST_KEY_UIApplicationSupportsIndirectInputEvents = YES;
				INFOPLIST_KEY_UISupportedInterfaceOrientations_iPad = "UIInterfaceOrientationPortrait UIInterfaceOrientationPortraitUpsideDown UIInterfaceOrientationLandscapeLeft UIInterfaceOrientationLandscapeRight";
				INFOPLIST_KEY_UISupportedInterfaceOrientations_iPhone = "UIInterfaceOrientationPortrait UIInterfaceOrientationLandscapeLeft UIInterfaceOrientationLandscapeRight";
				LD_RUNPATH_SEARCH_PATHS = (
					"$(inherited)",
					"@executable_path/Frameworks",
				);
				MARKETING_VERSION = 1.0;
				PRODUCT_BUNDLE_IDENTIFIER = jp.kamimi01.UIFrameworkMigrationTest;
				PRODUCT_NAME = "$(TARGET_NAME)";
				SWIFT_EMIT_LOC_STRINGS = YES;
				SWIFT_VERSION = 5.0;
				TARGETED_DEVICE_FAMILY = "1,2";
			};
			name = Release;
		};
/* End XCBuildConfiguration section */

/* Begin XCConfigurationList section */
		D4C60C04277C51DB009157E9 /* Build configuration list for PBXProject "UIFrameworkMigrationTest" */ = {
			isa = XCConfigurationList;
			buildConfigurations = (
				D4C60C1B277C51E0009157E9 /* Debug */,
				D4C60C1C277C51E0009157E9 /* Release */,
			);
			defaultConfigurationIsVisible = 0;
			defaultConfigurationName = Release;
		};
		D4C60C1D277C51E0009157E9 /* Build configuration list for PBXNativeTarget "UIFrameworkMigrationTest" */ = {
			isa = XCConfigurationList;
			buildConfigurations = (
				D4C60C1E277C51E0009157E9 /* Debug */,
				D4C60C1F277C51E0009157E9 /* Release */,
			);
			defaultConfigurationIsVisible = 0;
			defaultConfigurationName = Release;
		};
/* End XCConfigurationList section */
	};
	rootObject = D4C60C01277C51DB009157E9 /* Project object */;
}
